
Microsoft Visual Studio Solution File, Format Version 12.00
# Visual Studio Version 16
VisualStudioVersion = 16.0.29609.76
MinimumVisualStudioVersion = 10.0.40219.1
Project("{FAE04EC0-301F-11D3-BF4B-00C04F79EFBC}") = "_port193", "_port193\_port193.csproj", "{1CDA582A-B24C-49E7-A49F-F41E6F97C42D}"
EndProject
Global
	GlobalSection(SolutionConfigurationPlatforms) = preSolution
		Debug|Any CPU = Debug|Any CPU
		Release|Any CPU = Release|Any CPU
	EndGlobalSection
	GlobalSection(ProjectConfigurationPlatforms) = postSolution
		{1CDA582A-B24C-49E7-A49F-F41E6F97C42D}.Debug|Any CPU.ActiveCfg = Debug|Any CPU
		{1CDA582A-B24C-49E7-A49F-F41E6F97C42D}.Debug|Any CPU.Build.0 = Debug|Any CPU
		{1CDA582A-B24C-49E7-A49F-F41E6F97C42D}.Release|Any CPU.ActiveCfg = Release|Any CPU
		{1CDA582A-B24C-49E7-A49F-F41E6F97C42D}.Release|Any CPU.Build.0 = Release|Any CPU
	EndGlobalSection
	GlobalSection(SolutionProperties) = preSolution
		HideSolutionNode = FALSE
	EndGlobalSection
	GlobalSection(ExtensibilityGlobals) = postSolution
		SolutionGuid = {45723003-FD3A-4C02-ACCD-611DCFB1DFDA}
	EndGlobalSection
EndGlobal
